<?xml version="1.0" encoding="utf-8"?>
<Project ToolsVersion="4.0" xmlns="http://schemas.microsoft.com/developer/msbuild/2003">
  <ItemGroup>
    <Filter Include="Source Files">
      <UniqueIdentifier>{4FC737F1-C7A5-4376-A066-2A32D752A2FF}</UniqueIdentifier>
      <Extensions>cpp;c;cc;cxx;def;odl;idl;hpj;bat;asm;asmx</Extensions>
    </Filter>
    <Filter Include="Header Files">
      <UniqueIdentifier>{93995380-89BD-4b04-88EB-625FBE52EBFB}</UniqueIdentifier>
      <Extensions>h;hpp;hxx;hm;inl;inc;xsd</Extensions>
    </Filter>
    <Filter Include="Resource Files">
      <UniqueIdentifier>{67DA6AB6-F800-4c08-8B7A-83BB121AAD01}</UniqueIdentifier>
      <Extensions>rc;ico;cur;bmp;dlg;rc2;rct;bin;rgs;gif;jpg;jpeg;jpe;resx;tiff;tif;png;wav;mfcribbon-ms</Extensions>
    </Filter>
    <Filter Include="cuda">
      <UniqueIdentifier>{a1e9b2dc-ccfc-411c-b1b7-3ff776865e81}</UniqueIdentifier>
    </Filter>
  </ItemGroup>
  <ItemGroup>
    <ClCompile Include="src\cpuoptim.cpp">
      <Filter>Source Files</Filter>
    </ClCompile>
    <ClCompile Include="src\stencils.cpp">
      <Filter>Source Files</Filter>
    </ClCompile>
    <ClCompile Include="src\downsample.cpp">
      <Filter>Source Files</Filter>
    </ClCompile>
    <ClCompile Include="src\imgio.cpp">
      <Filter>Source Files</Filter>
    </ClCompile>
  </ItemGroup>
  <ItemGroup>
    <ClInclude Include="src\imgio.h">
      <Filter>Header Files</Filter>
    </ClInclude>
    <ClInclude Include="src\morph.h">
      <Filter>Header Files</Filter>
    </ClInclude>
    <ClInclude Include="src\param_io.h">
      <Filter>Header Files</Filter>
    </ClInclude>
    <ClInclude Include="src\pyramid.h">
      <Filter>Header Files</Filter>
    </ClInclude>
    <ClInclude Include="src\stencils.h">
      <Filter>Header Files</Filter>
    </ClInclude>
  </ItemGroup>
  <ItemGroup>
    <CudaCompile Include="src\morph.cu">
      <Filter>cuda</Filter>
    </CudaCompile>
    <CudaCompile Include="src\pyramid.cu">
      <Filter>cuda</Filter>
    </CudaCompile>
    <CudaCompile Include="src\render.cu">
      <Filter>cuda</Filter>
    </CudaCompile>
    <CudaCompile Include="src\upsample.cu">
      <Filter>cuda</Filter>
    </CudaCompile>
  </ItemGroup>
</Project>