
Microsoft Visual Studio Solution File, Format Version 11.00
# Visual Studio 2010
Project("{8BC9CEB8-8B4A-11D0-8D11-00A0C91BC942}") = "UI_cpumorph", "UI_cpumorph.vcxproj", "{D7B7887C-D651-3A35-93BF-95A014EF6BCC}"
	ProjectSection(ProjectDependencies) = postProject
		{B47464AD-0B7D-40E7-8EB5-B630C4D419CA} = {B47464AD-0B7D-40E7-8EB5-B630C4D419CA}
	EndProjectSection
EndProject
Project("{8BC9CEB8-8B4A-11D0-8D11-00A0C91BC942}") = "gpumorph", "gpumorph\gpumorph.vcxproj", "{B47464AD-0B7D-40E7-8EB5-B630C4D419CA}"
	ProjectSection(ProjectDependencies) = postProject
		{F3D0F01A-CA3E-4E04-8EFB-9AE2EC5E690F} = {F3D0F01A-CA3E-4E04-8EFB-9AE2EC5E690F}
		{E8722468-DE53-4E3D-80A0-384515CB6378} = {E8722468-DE53-4E3D-80A0-384515CB6378}
	EndProjectSection
EndProject
Project("{8BC9CEB8-8B4A-11D0-8D11-00A0C91BC942}") = "util", "gpumorph\lib\util\util.vcxproj", "{E8722468-DE53-4E3D-80A0-384515CB6378}"
EndProject
Project("{8BC9CEB8-8B4A-11D0-8D11-00A0C91BC942}") = "resample", "gpumorph\lib\resample\resample.vcxproj", "{F3D0F01A-CA3E-4E04-8EFB-9AE2EC5E690F}"
EndProject
Global
	GlobalSection(SolutionConfigurationPlatforms) = preSolution
		Debug|Win32 = Debug|Win32
		Debug|x64 = Debug|x64
		Release|Win32 = Release|Win32
		Release|x64 = Release|x64
	EndGlobalSection
	GlobalSection(ProjectConfigurationPlatforms) = postSolution
		{D7B7887C-D651-3A35-93BF-95A014EF6BCC}.Debug|Win32.ActiveCfg = Debug|Win32
		{D7B7887C-D651-3A35-93BF-95A014EF6BCC}.Debug|Win32.Build.0 = Debug|Win32
		{D7B7887C-D651-3A35-93BF-95A014EF6BCC}.Debug|x64.ActiveCfg = Debug|x64
		{D7B7887C-D651-3A35-93BF-95A014EF6BCC}.Debug|x64.Build.0 = Debug|x64
		{D7B7887C-D651-3A35-93BF-95A014EF6BCC}.Release|Win32.ActiveCfg = Release|Win32
		{D7B7887C-D651-3A35-93BF-95A014EF6BCC}.Release|Win32.Build.0 = Release|Win32
		{D7B7887C-D651-3A35-93BF-95A014EF6BCC}.Release|x64.ActiveCfg = Release|x64
		{D7B7887C-D651-3A35-93BF-95A014EF6BCC}.Release|x64.Build.0 = Release|x64
		{B47464AD-0B7D-40E7-8EB5-B630C4D419CA}.Debug|Win32.ActiveCfg = Debug|Win32
		{B47464AD-0B7D-40E7-8EB5-B630C4D419CA}.Debug|Win32.Build.0 = Debug|Win32
		{B47464AD-0B7D-40E7-8EB5-B630C4D419CA}.Debug|x64.ActiveCfg = Debug|x64
		{B47464AD-0B7D-40E7-8EB5-B630C4D419CA}.Debug|x64.Build.0 = Debug|x64
		{B47464AD-0B7D-40E7-8EB5-B630C4D419CA}.Release|Win32.ActiveCfg = Release|Win32
		{B47464AD-0B7D-40E7-8EB5-B630C4D419CA}.Release|Win32.Build.0 = Release|Win32
		{B47464AD-0B7D-40E7-8EB5-B630C4D419CA}.Release|x64.ActiveCfg = Release|Win32
		{E8722468-DE53-4E3D-80A0-384515CB6378}.Debug|Win32.ActiveCfg = Debug|Win32
		{E8722468-DE53-4E3D-80A0-384515CB6378}.Debug|Win32.Build.0 = Debug|Win32
		{E8722468-DE53-4E3D-80A0-384515CB6378}.Debug|x64.ActiveCfg = Debug|x64
		{E8722468-DE53-4E3D-80A0-384515CB6378}.Debug|x64.Build.0 = Debug|x64
		{E8722468-DE53-4E3D-80A0-384515CB6378}.Release|Win32.ActiveCfg = Release|Win32
		{E8722468-DE53-4E3D-80A0-384515CB6378}.Release|Win32.Build.0 = Release|Win32
		{E8722468-DE53-4E3D-80A0-384515CB6378}.Release|x64.ActiveCfg = Release|Win32
		{F3D0F01A-CA3E-4E04-8EFB-9AE2EC5E690F}.Debug|Win32.ActiveCfg = Debug|Win32
		{F3D0F01A-CA3E-4E04-8EFB-9AE2EC5E690F}.Debug|Win32.Build.0 = Debug|Win32
		{F3D0F01A-CA3E-4E04-8EFB-9AE2EC5E690F}.Debug|x64.ActiveCfg = Debug|x64
		{F3D0F01A-CA3E-4E04-8EFB-9AE2EC5E690F}.Debug|x64.Build.0 = Debug|x64
		{F3D0F01A-CA3E-4E04-8EFB-9AE2EC5E690F}.Release|Win32.ActiveCfg = Release|Win32
		{F3D0F01A-CA3E-4E04-8EFB-9AE2EC5E690F}.Release|Win32.Build.0 = Release|Win32
		{F3D0F01A-CA3E-4E04-8EFB-9AE2EC5E690F}.Release|x64.ActiveCfg = Release|Win32
	EndGlobalSection
	GlobalSection(SolutionProperties) = preSolution
		HideSolutionNode = FALSE
	EndGlobalSection
EndGlobal
