
Microsoft Visual Studio Solution File, Format Version 12.00
# Visual Studio 2013
VisualStudioVersion = 12.0.30723.0
MinimumVisualStudioVersion = 10.0.40219.1
Project("{8BC9CEB8-8B4A-11D0-8D11-00A0C91BC942}") = "ImageMorphing", "ImageMorphing.vcxproj", "{563091E6-BDE5-386A-BC9E-073821801E3E}"
	ProjectSection(ProjectDependencies) = postProject
		{8A223887-EB4A-4537-B5FF-6876121ED866} = {8A223887-EB4A-4537-B5FF-6876121ED866}
		{B875F1A8-6F62-4575-8150-5F732AC53948} = {B875F1A8-6F62-4575-8150-5F732AC53948}
		{22E725BE-53CD-437C-8411-217A7778CBD3} = {22E725BE-53CD-437C-8411-217A7778CBD3}
		{03FA27E1-6020-40D6-82DA-A51EF33DC6D0} = {03FA27E1-6020-40D6-82DA-A51EF33DC6D0}
	EndProjectSection
EndProject
Project("{8BC9CEB8-8B4A-11D0-8D11-00A0C91BC942}") = "morph", "gpumorph\src\morph.vcxproj", "{03FA27E1-6020-40D6-82DA-A51EF33DC6D0}"
EndProject
Project("{8BC9CEB8-8B4A-11D0-8D11-00A0C91BC942}") = "resample", "gpumorph\lib\resample\resample.vcxproj", "{22E725BE-53CD-437C-8411-217A7778CBD3}"
EndProject
Project("{8BC9CEB8-8B4A-11D0-8D11-00A0C91BC942}") = "util", "gpumorph\lib\util\util.vcxproj", "{8A223887-EB4A-4537-B5FF-6876121ED866}"
EndProject
Project("{8BC9CEB8-8B4A-11D0-8D11-00A0C91BC942}") = "pyramids", "pyramids\pyramids.vcxproj", "{B875F1A8-6F62-4575-8150-5F732AC53948}"
EndProject
Global
	GlobalSection(SolutionConfigurationPlatforms) = preSolution
		Debug|Win32 = Debug|Win32
		Debug|x64 = Debug|x64
		MinSizeRel|Win32 = MinSizeRel|Win32
		MinSizeRel|x64 = MinSizeRel|x64
		Release|Win32 = Release|Win32
		Release|x64 = Release|x64
		RelWithDebInfo|Win32 = RelWithDebInfo|Win32
		RelWithDebInfo|x64 = RelWithDebInfo|x64
	EndGlobalSection
	GlobalSection(ProjectConfigurationPlatforms) = postSolution
		{563091E6-BDE5-386A-BC9E-073821801E3E}.Debug|Win32.ActiveCfg = Debug|Win32
		{563091E6-BDE5-386A-BC9E-073821801E3E}.Debug|Win32.Build.0 = Debug|Win32
		{563091E6-BDE5-386A-BC9E-073821801E3E}.Debug|x64.ActiveCfg = Debug|x64
		{563091E6-BDE5-386A-BC9E-073821801E3E}.Debug|x64.Build.0 = Debug|x64
		{563091E6-BDE5-386A-BC9E-073821801E3E}.MinSizeRel|Win32.ActiveCfg = Release|Win32
		{563091E6-BDE5-386A-BC9E-073821801E3E}.MinSizeRel|Win32.Build.0 = Release|Win32
		{563091E6-BDE5-386A-BC9E-073821801E3E}.MinSizeRel|x64.ActiveCfg = Release|x64
		{563091E6-BDE5-386A-BC9E-073821801E3E}.MinSizeRel|x64.Build.0 = Release|x64
		{563091E6-BDE5-386A-BC9E-073821801E3E}.Release|Win32.ActiveCfg = Release|Win32
		{563091E6-BDE5-386A-BC9E-073821801E3E}.Release|Win32.Build.0 = Release|Win32
		{563091E6-BDE5-386A-BC9E-073821801E3E}.Release|x64.ActiveCfg = Release|x64
		{563091E6-BDE5-386A-BC9E-073821801E3E}.Release|x64.Build.0 = Release|x64
		{563091E6-BDE5-386A-BC9E-073821801E3E}.RelWithDebInfo|Win32.ActiveCfg = Release|Win32
		{563091E6-BDE5-386A-BC9E-073821801E3E}.RelWithDebInfo|Win32.Build.0 = Release|Win32
		{563091E6-BDE5-386A-BC9E-073821801E3E}.RelWithDebInfo|x64.ActiveCfg = Release|x64
		{563091E6-BDE5-386A-BC9E-073821801E3E}.RelWithDebInfo|x64.Build.0 = Release|x64
		{03FA27E1-6020-40D6-82DA-A51EF33DC6D0}.Debug|Win32.ActiveCfg = Debug|x64
		{03FA27E1-6020-40D6-82DA-A51EF33DC6D0}.Debug|x64.ActiveCfg = Debug|x64
		{03FA27E1-6020-40D6-82DA-A51EF33DC6D0}.Debug|x64.Build.0 = Debug|x64
		{03FA27E1-6020-40D6-82DA-A51EF33DC6D0}.MinSizeRel|Win32.ActiveCfg = MinSizeRel|x64
		{03FA27E1-6020-40D6-82DA-A51EF33DC6D0}.MinSizeRel|x64.ActiveCfg = MinSizeRel|x64
		{03FA27E1-6020-40D6-82DA-A51EF33DC6D0}.MinSizeRel|x64.Build.0 = MinSizeRel|x64
		{03FA27E1-6020-40D6-82DA-A51EF33DC6D0}.Release|Win32.ActiveCfg = Release|x64
		{03FA27E1-6020-40D6-82DA-A51EF33DC6D0}.Release|x64.ActiveCfg = Release|x64
		{03FA27E1-6020-40D6-82DA-A51EF33DC6D0}.Release|x64.Build.0 = Release|x64
		{03FA27E1-6020-40D6-82DA-A51EF33DC6D0}.RelWithDebInfo|Win32.ActiveCfg = RelWithDebInfo|x64
		{03FA27E1-6020-40D6-82DA-A51EF33DC6D0}.RelWithDebInfo|x64.ActiveCfg = RelWithDebInfo|x64
		{03FA27E1-6020-40D6-82DA-A51EF33DC6D0}.RelWithDebInfo|x64.Build.0 = RelWithDebInfo|x64
		{22E725BE-53CD-437C-8411-217A7778CBD3}.Debug|Win32.ActiveCfg = Debug|x64
		{22E725BE-53CD-437C-8411-217A7778CBD3}.Debug|x64.ActiveCfg = Debug|x64
		{22E725BE-53CD-437C-8411-217A7778CBD3}.Debug|x64.Build.0 = Debug|x64
		{22E725BE-53CD-437C-8411-217A7778CBD3}.MinSizeRel|Win32.ActiveCfg = MinSizeRel|x64
		{22E725BE-53CD-437C-8411-217A7778CBD3}.MinSizeRel|x64.ActiveCfg = MinSizeRel|x64
		{22E725BE-53CD-437C-8411-217A7778CBD3}.MinSizeRel|x64.Build.0 = MinSizeRel|x64
		{22E725BE-53CD-437C-8411-217A7778CBD3}.Release|Win32.ActiveCfg = Release|x64
		{22E725BE-53CD-437C-8411-217A7778CBD3}.Release|x64.ActiveCfg = Release|x64
		{22E725BE-53CD-437C-8411-217A7778CBD3}.Release|x64.Build.0 = Release|x64
		{22E725BE-53CD-437C-8411-217A7778CBD3}.RelWithDebInfo|Win32.ActiveCfg = RelWithDebInfo|x64
		{22E725BE-53CD-437C-8411-217A7778CBD3}.RelWithDebInfo|x64.ActiveCfg = RelWithDebInfo|x64
		{22E725BE-53CD-437C-8411-217A7778CBD3}.RelWithDebInfo|x64.Build.0 = RelWithDebInfo|x64
		{8A223887-EB4A-4537-B5FF-6876121ED866}.Debug|Win32.ActiveCfg = Debug|x64
		{8A223887-EB4A-4537-B5FF-6876121ED866}.Debug|x64.ActiveCfg = Debug|x64
		{8A223887-EB4A-4537-B5FF-6876121ED866}.Debug|x64.Build.0 = Debug|x64
		{8A223887-EB4A-4537-B5FF-6876121ED866}.MinSizeRel|Win32.ActiveCfg = MinSizeRel|x64
		{8A223887-EB4A-4537-B5FF-6876121ED866}.MinSizeRel|x64.ActiveCfg = MinSizeRel|x64
		{8A223887-EB4A-4537-B5FF-6876121ED866}.MinSizeRel|x64.Build.0 = MinSizeRel|x64
		{8A223887-EB4A-4537-B5FF-6876121ED866}.Release|Win32.ActiveCfg = Release|x64
		{8A223887-EB4A-4537-B5FF-6876121ED866}.Release|x64.ActiveCfg = Release|x64
		{8A223887-EB4A-4537-B5FF-6876121ED866}.Release|x64.Build.0 = Release|x64
		{8A223887-EB4A-4537-B5FF-6876121ED866}.RelWithDebInfo|Win32.ActiveCfg = RelWithDebInfo|x64
		{8A223887-EB4A-4537-B5FF-6876121ED866}.RelWithDebInfo|x64.ActiveCfg = RelWithDebInfo|x64
		{8A223887-EB4A-4537-B5FF-6876121ED866}.RelWithDebInfo|x64.Build.0 = RelWithDebInfo|x64
		{B875F1A8-6F62-4575-8150-5F732AC53948}.Debug|Win32.ActiveCfg = Debug|Win32
		{B875F1A8-6F62-4575-8150-5F732AC53948}.Debug|Win32.Build.0 = Debug|Win32
		{B875F1A8-6F62-4575-8150-5F732AC53948}.Debug|x64.ActiveCfg = Debug|x64
		{B875F1A8-6F62-4575-8150-5F732AC53948}.Debug|x64.Build.0 = Debug|x64
		{B875F1A8-6F62-4575-8150-5F732AC53948}.MinSizeRel|Win32.ActiveCfg = Release|Win32
		{B875F1A8-6F62-4575-8150-5F732AC53948}.MinSizeRel|Win32.Build.0 = Release|Win32
		{B875F1A8-6F62-4575-8150-5F732AC53948}.MinSizeRel|x64.ActiveCfg = Release|x64
		{B875F1A8-6F62-4575-8150-5F732AC53948}.MinSizeRel|x64.Build.0 = Release|x64
		{B875F1A8-6F62-4575-8150-5F732AC53948}.Release|Win32.ActiveCfg = Release|Win32
		{B875F1A8-6F62-4575-8150-5F732AC53948}.Release|Win32.Build.0 = Release|Win32
		{B875F1A8-6F62-4575-8150-5F732AC53948}.Release|x64.ActiveCfg = Release|x64
		{B875F1A8-6F62-4575-8150-5F732AC53948}.Release|x64.Build.0 = Release|x64
		{B875F1A8-6F62-4575-8150-5F732AC53948}.RelWithDebInfo|Win32.ActiveCfg = Release|Win32
		{B875F1A8-6F62-4575-8150-5F732AC53948}.RelWithDebInfo|Win32.Build.0 = Release|Win32
		{B875F1A8-6F62-4575-8150-5F732AC53948}.RelWithDebInfo|x64.ActiveCfg = Release|x64
		{B875F1A8-6F62-4575-8150-5F732AC53948}.RelWithDebInfo|x64.Build.0 = Release|x64
	EndGlobalSection
	GlobalSection(SolutionProperties) = preSolution
		HideSolutionNode = FALSE
	EndGlobalSection
EndGlobal
