<?xml version="1.0" encoding="utf-8"?>
<Project ToolsVersion="4.0" xmlns="http://schemas.microsoft.com/developer/msbuild/2003">
  <ItemGroup>
    <Filter Include="Source Files">
      <UniqueIdentifier>{4FC737F1-C7A5-4376-A066-2A32D752A2FF}</UniqueIdentifier>
      <Extensions>cpp;c;cc;cxx;def;odl;idl;hpj;bat;asm;asmx</Extensions>
    </Filter>
    <Filter Include="Header Files">
      <UniqueIdentifier>{93995380-89BD-4b04-88EB-625FBE52EBFB}</UniqueIdentifier>
      <Extensions>h;hpp;hxx;hm;inl;inc;xsd</Extensions>
    </Filter>
    <Filter Include="Resource Files">
      <UniqueIdentifier>{67DA6AB6-F800-4c08-8B7A-83BB121AAD01}</UniqueIdentifier>
      <Extensions>rc;ico;cur;bmp;dlg;rc2;rct;bin;rgs;gif;jpg;jpeg;jpe;resx;tiff;tif;png;wav;mfcribbon-ms</Extensions>
    </Filter>
    <Filter Include="cuda">
      <UniqueIdentifier>{e268c91e-9c8f-4019-8db9-5015b2feaa39}</UniqueIdentifier>
    </Filter>
  </ItemGroup>
  <ItemGroup>
    <ClInclude Include="box_sampler.h">
      <Filter>Header Files</Filter>
    </ClInclude>
    <ClInclude Include="bspline3.h">
      <Filter>Header Files</Filter>
    </ClInclude>
    <ClInclude Include="config.h">
      <Filter>Header Files</Filter>
    </ClInclude>
    <ClInclude Include="cubic_sampler.h">
      <Filter>Header Files</Filter>
    </ClInclude>
    <ClInclude Include="cuda_traits.h">
      <Filter>Header Files</Filter>
    </ClInclude>
    <ClInclude Include="dalloc.h">
      <Filter>Header Files</Filter>
    </ClInclude>
    <ClInclude Include="dimage.h">
      <Filter>Header Files</Filter>
    </ClInclude>
    <ClInclude Include="dimage_fwd.h">
      <Filter>Header Files</Filter>
    </ClInclude>
    <ClInclude Include="dmath.h">
      <Filter>Header Files</Filter>
    </ClInclude>
    <ClInclude Include="dvector.h">
      <Filter>Header Files</Filter>
    </ClInclude>
    <ClInclude Include="dvector.hpp">
      <Filter>Header Files</Filter>
    </ClInclude>
    <ClInclude Include="effects.h">
      <Filter>Header Files</Filter>
    </ClInclude>
    <ClInclude Include="error.h">
      <Filter>Header Files</Filter>
    </ClInclude>
    <ClInclude Include="filter_traits.h">
      <Filter>Header Files</Filter>
    </ClInclude>
    <ClInclude Include="hostdev.h">
      <Filter>Header Files</Filter>
    </ClInclude>
    <ClInclude Include="image_ops.h">
      <Filter>Header Files</Filter>
    </ClInclude>
    <ClInclude Include="linalg.h">
      <Filter>Header Files</Filter>
    </ClInclude>
    <ClInclude Include="linalg_fwd.h">
      <Filter>Header Files</Filter>
    </ClInclude>
    <ClInclude Include="mitchell_netravali.h">
      <Filter>Header Files</Filter>
    </ClInclude>
    <ClInclude Include="mutex.h">
      <Filter>Header Files</Filter>
    </ClInclude>
    <ClInclude Include="pixel_traits.h">
      <Filter>Header Files</Filter>
    </ClInclude>
    <ClInclude Include="recfilter.h">
      <Filter>Header Files</Filter>
    </ClInclude>
    <ClInclude Include="symbol.h">
      <Filter>Header Files</Filter>
    </ClInclude>
    <ClInclude Include="timer.h">
      <Filter>Header Files</Filter>
    </ClInclude>
    <ClInclude Include="util.h">
      <Filter>Header Files</Filter>
    </ClInclude>
    <ClInclude Include="linalg.hpp">
      <Filter>Header Files</Filter>
    </ClInclude>
  </ItemGroup>
  <ItemGroup>
    <ClCompile Include="dalloc.cpp">
      <Filter>Source Files</Filter>
    </ClCompile>
    <ClCompile Include="dimage.cpp">
      <Filter>Source Files</Filter>
    </ClCompile>
    <ClCompile Include="error.cpp">
      <Filter>Source Files</Filter>
    </ClCompile>
    <ClCompile Include="imgop_gaussblur.cpp">
      <Filter>Source Files</Filter>
    </ClCompile>
    <ClCompile Include="timer.cpp">
      <Filter>Source Files</Filter>
    </ClCompile>
  </ItemGroup>
  <ItemGroup>
    <None Include="cuPrintf.cuh">
      <Filter>cuda</Filter>
    </None>
  </ItemGroup>
  <ItemGroup>
    <CudaCompile Include="cuPrintf.cu">
      <Filter>cuda</Filter>
    </CudaCompile>
    <CudaCompile Include="imgop_basic.cu">
      <Filter>cuda</Filter>
    </CudaCompile>
    <CudaCompile Include="imgop_conv.cu">
      <Filter>cuda</Filter>
    </CudaCompile>
    <CudaCompile Include="imgop_downsample.cu">
      <Filter>cuda</Filter>
    </CudaCompile>
    <CudaCompile Include="imgop_upsample.cu">
      <Filter>cuda</Filter>
    </CudaCompile>
    <CudaCompile Include="recfilter.cu">
      <Filter>cuda</Filter>
    </CudaCompile>
  </ItemGroup>
</Project>